
Microsoft Visual Studio Solution File, Format Version 12.00
# Visual Studio Version 17
VisualStudioVersion = 17.11.35222.181
MinimumVisualStudioVersion = 10.0.40219.1
Project("{8BC9CEB8-8B4A-11D0-8D11-00A0C91BC942}") = "8.2", "8.2\8.2.vcxproj", "{0CC3FE36-1941-4210-85EE-0F649EB02F04}"
EndProject
Project("{8BC9CEB8-8B4A-11D0-8D11-00A0C91BC942}") = "UnitTest_8.2", "UnitTest_8.2\UnitTest_8.2.vcxproj", "{55FEFEB0-4A99-4670-8F7A-FD41BEA19FAB}"
EndProject
Global
	GlobalSection(SolutionConfigurationPlatforms) = preSolution
		Debug|x64 = Debug|x64
		Debug|x86 = Debug|x86
		Release|x64 = Release|x64
		Release|x86 = Release|x86
	EndGlobalSection
	GlobalSection(ProjectConfigurationPlatforms) = postSolution
		{0CC3FE36-1941-4210-85EE-0F649EB02F04}.Debug|x64.ActiveCfg = Debug|x64
		{0CC3FE36-1941-4210-85EE-0F649EB02F04}.Debug|x64.Build.0 = Debug|x64
		{0CC3FE36-1941-4210-85EE-0F649EB02F04}.Debug|x86.ActiveCfg = Debug|Win32
		{0CC3FE36-1941-4210-85EE-0F649EB02F04}.Debug|x86.Build.0 = Debug|Win32
		{0CC3FE36-1941-4210-85EE-0F649EB02F04}.Release|x64.ActiveCfg = Release|x64
		{0CC3FE36-1941-4210-85EE-0F649EB02F04}.Release|x64.Build.0 = Release|x64
		{0CC3FE36-1941-4210-85EE-0F649EB02F04}.Release|x86.ActiveCfg = Release|Win32
		{0CC3FE36-1941-4210-85EE-0F649EB02F04}.Release|x86.Build.0 = Release|Win32
		{55FEFEB0-4A99-4670-8F7A-FD41BEA19FAB}.Debug|x64.ActiveCfg = Debug|x64
		{55FEFEB0-4A99-4670-8F7A-FD41BEA19FAB}.Debug|x64.Build.0 = Debug|x64
		{55FEFEB0-4A99-4670-8F7A-FD41BEA19FAB}.Debug|x86.ActiveCfg = Debug|Win32
		{55FEFEB0-4A99-4670-8F7A-FD41BEA19FAB}.Debug|x86.Build.0 = Debug|Win32
		{55FEFEB0-4A99-4670-8F7A-FD41BEA19FAB}.Release|x64.ActiveCfg = Release|x64
		{55FEFEB0-4A99-4670-8F7A-FD41BEA19FAB}.Release|x64.Build.0 = Release|x64
		{55FEFEB0-4A99-4670-8F7A-FD41BEA19FAB}.Release|x86.ActiveCfg = Release|Win32
		{55FEFEB0-4A99-4670-8F7A-FD41BEA19FAB}.Release|x86.Build.0 = Release|Win32
	EndGlobalSection
	GlobalSection(SolutionProperties) = preSolution
		HideSolutionNode = FALSE
	EndGlobalSection
	GlobalSection(ExtensibilityGlobals) = postSolution
		SolutionGuid = {997DE42C-4189-4E69-9A7E-B1E48A48857F}
	EndGlobalSection
EndGlobal
